// !$*UTF8*$!
{
	archiveVersion = 1;
	classes = {
	};
	objectVersion = 50;
	objects = {

/* Begin PBXBuildFile section */
		060D60BB25000F09003B3B03 /* Tips.swift in Sources */ = {isa = PBXBuildFile; fileRef = 060D60BA25000F09003B3B03 /* Tips.swift */; };
		06E986C824F86839008ECB64 /* AppDelegate.swift in Sources */ = {isa = PBXBuildFile; fileRef = 06E986C724F86839008ECB64 /* AppDelegate.swift */; };
		06E986CA24F86839008ECB64 /* SceneDelegate.swift in Sources */ = {isa = PBXBuildFile; fileRef = 06E986C924F86839008ECB64 /* SceneDelegate.swift */; };
		06E986CC24F86839008ECB64 /* CaculatorViewController.swift in Sources */ = {isa = PBXBuildFile; fileRef = 06E986CB24F86839008ECB64 /* CaculatorViewController.swift */; };
		06E986CF24F86839008ECB64 /* Main.storyboard in Resources */ = {isa = PBXBuildFile; fileRef = 06E986CD24F86839008ECB64 /* Main.storyboard */; };
		06E986D124F8683C008ECB64 /* Assets.xcassets in Resources */ = {isa = PBXBuildFile; fileRef = 06E986D024F8683C008ECB64 /* Assets.xcassets */; };
		06E986D424F8683C008ECB64 /* LaunchScreen.storyboard in Resources */ = {isa = PBXBuildFile; fileRef = 06E986D224F8683C008ECB64 /* LaunchScreen.storyboard */; };
		06E986DF24F8683C008ECB64 /* TipsTests.swift in Sources */ = {isa = PBXBuildFile; fileRef = 06E986DE24F8683C008ECB64 /* TipsTests.swift */; };
		06E986EA24F8683C008ECB64 /* TipsUITests.swift in Sources */ = {isa = PBXBuildFile; fileRef = 06E986E924F8683C008ECB64 /* TipsUITests.swift */; };
/* End PBXBuildFile section */

/* Begin PBXContainerItemProxy section */
		06E986DB24F8683C008ECB64 /* PBXContainerItemProxy */ = {
			isa = PBXContainerItemProxy;
			containerPortal = 06E986BC24F86838008ECB64 /* Project object */;
			proxyType = 1;
			remoteGlobalIDString = 06E986C324F86838008ECB64;
			remoteInfo = Tips;
		};
		06E986E624F8683C008ECB64 /* PBXContainerItemProxy */ = {
			isa = PBXContainerItemProxy;
			containerPortal = 06E986BC24F86838008ECB64 /* Project object */;
			proxyType = 1;
			remoteGlobalIDString = 06E986C324F86838008ECB64;
			remoteInfo = Tips;
		};
/* End PBXContainerItemProxy section */

/* Begin PBXFileReference section */
		060D60BA25000F09003B3B03 /* Tips.swift */ = {isa = PBXFileReference; lastKnownFileType = sourcecode.swift; path = Tips.swift; sourceTree = "<group>"; };
		06E986C424F86838008ECB64 /* Tips.app */ = {isa = PBXFileReference; explicitFileType = wrapper.application; includeInIndex = 0; path = Tips.app; sourceTree = BUILT_PRODUCTS_DIR; };
		06E986C724F86839008ECB64 /* AppDelegate.swift */ = {isa = PBXFileReference; lastKnownFileType = sourcecode.swift; path = AppDelegate.swift; sourceTree = "<group>"; };
		06E986C924F86839008ECB64 /* SceneDelegate.swift */ = {isa = PBXFileReference; lastKnownFileType = sourcecode.swift; path = SceneDelegate.swift; sourceTree = "<group>"; };
		06E986CB24F86839008ECB64 /* CaculatorViewController.swift */ = {isa = PBXFileReference; lastKnownFileType = sourcecode.swift; path = CaculatorViewController.swift; sourceTree = "<group>"; };
		06E986CE24F86839008ECB64 /* Base */ = {isa = PBXFileReference; lastKnownFileType = file.storyboard; name = Base; path = Base.lproj/Main.storyboard; sourceTree = "<group>"; };
		06E986D024F8683C008ECB64 /* Assets.xcassets */ = {isa = PBXFileReference; lastKnownFileType = folder.assetcatalog; path = Assets.xcassets; sourceTree = "<group>"; };
		06E986D324F8683C008ECB64 /* Base */ = {isa = PBXFileReference; lastKnownFileType = file.storyboard; name = Base; path = Base.lproj/LaunchScreen.storyboard; sourceTree = "<group>"; };
		06E986D524F8683C008ECB64 /* Info.plist */ = {isa = PBXFileReference; lastKnownFileType = text.plist.xml; path = Info.plist; sourceTree = "<group>"; };
		06E986DA24F8683C008ECB64 /* TipsTests.xctest */ = {isa = PBXFileReference; explicitFileType = wrapper.cfbundle; includeInIndex = 0; path = TipsTests.xctest; sourceTree = BUILT_PRODUCTS_DIR; };
		06E986DE24F8683C008ECB64 /* TipsTests.swift */ = {isa = PBXFileReference; lastKnownFileType = sourcecode.swift; path = TipsTests.swift; sourceTree = "<group>"; };
		06E986E024F8683C008ECB64 /* Info.plist */ = {isa = PBXFileReference; lastKnownFileType = text.plist.xml; path = Info.plist; sourceTree = "<group>"; };
		06E986E524F8683C008ECB64 /* TipsUITests.xctest */ = {isa = PBXFileReference; explicitFileType = wrapper.cfbundle; includeInIndex = 0; path = TipsUITests.xctest; sourceTree = BUILT_PRODUCTS_DIR; };
		06E986E924F8683C008ECB64 /* TipsUITests.swift */ = {isa = PBXFileReference; lastKnownFileType = sourcecode.swift; path = TipsUITests.swift; sourceTree = "<group>"; };
		06E986EB24F8683C008ECB64 /* Info.plist */ = {isa = PBXFileReference; lastKnownFileType = text.plist.xml; path = Info.plist; sourceTree = "<group>"; };
/* End PBXFileReference section */

/* Begin PBXFrameworksBuildPhase section */
		06E986C124F86838008ECB64 /* Frameworks */ = {
			isa = PBXFrameworksBuildPhase;
			buildActionMask = 2147483647;
			files = (
			);
			runOnlyForDeploymentPostprocessing = 0;
		};
		06E986D724F8683C008ECB64 /* Frameworks */ = {
			isa = PBXFrameworksBuildPhase;
			buildActionMask = 2147483647;
			files = (
			);
			runOnlyForDeploymentPostprocessing = 0;
		};
		06E986E224F8683C008ECB64 /* Frameworks */ = {
			isa = PBXFrameworksBuildPhase;
			buildActionMask = 2147483647;
			files = (
			);
			runOnlyForDeploymentPostprocessing = 0;
		};
/* End PBXFrameworksBuildPhase section */

/* Begin PBXGroup section */
		060D60BC25000F35003B3B03 /* Model */ = {
			isa = PBXGroup;
			children = (
				060D60BA25000F09003B3B03 /* Tips.swift */,
			);
			path = Model;
			sourceTree = "<group>";
		};
		060D60BD25000F55003B3B03 /* View */ = {
			isa = PBXGroup;
			children = (
				06E986CD24F86839008ECB64 /* Main.storyboard */,
			);
			path = View;
			sourceTree = "<group>";
		};
		060D60BE25000F69003B3B03 /* Controller */ = {
			isa = PBXGroup;
			children = (
				06E986CB24F86839008ECB64 /* CaculatorViewController.swift */,
			);
			path = Controller;
			sourceTree = "<group>";
		};
		06E986BB24F86838008ECB64 = {
			isa = PBXGroup;
			children = (
				06E986C624F86838008ECB64 /* Tips */,
				06E986DD24F8683C008ECB64 /* TipsTests */,
				06E986E824F8683C008ECB64 /* TipsUITests */,
				06E986C524F86838008ECB64 /* Products */,
			);
			sourceTree = "<group>";
		};
		06E986C524F86838008ECB64 /* Products */ = {
			isa = PBXGroup;
			children = (
				06E986C424F86838008ECB64 /* Tips.app */,
				06E986DA24F8683C008ECB64 /* TipsTests.xctest */,
				06E986E524F8683C008ECB64 /* TipsUITests.xctest */,
			);
			name = Products;
			sourceTree = "<group>";
		};
		06E986C624F86838008ECB64 /* Tips */ = {
			isa = PBXGroup;
			children = (
				06E986C724F86839008ECB64 /* AppDelegate.swift */,
				06E986C924F86839008ECB64 /* SceneDelegate.swift */,
				060D60BC25000F35003B3B03 /* Model */,
				060D60BE25000F69003B3B03 /* Controller */,
				060D60BD25000F55003B3B03 /* View */,
				06E986D024F8683C008ECB64 /* Assets.xcassets */,
				06E986D224F8683C008ECB64 /* LaunchScreen.storyboard */,
				06E986D524F8683C008ECB64 /* Info.plist */,
			);
			path = Tips;
			sourceTree = "<group>";
		};
		06E986DD24F8683C008ECB64 /* TipsTests */ = {
			isa = PBXGroup;
			children = (
				06E986DE24F8683C008ECB64 /* TipsTests.swift */,
				06E986E024F8683C008ECB64 /* Info.plist */,
			);
			path = TipsTests;
			sourceTree = "<group>";
		};
		06E986E824F8683C008ECB64 /* TipsUITests */ = {
			isa = PBXGroup;
			children = (
				06E986E924F8683C008ECB64 /* TipsUITests.swift */,
				06E986EB24F8683C008ECB64 /* Info.plist */,
			);
			path = TipsUITests;
			sourceTree = "<group>";
		};
/* End PBXGroup section */

/* Begin PBXNativeTarget section */
		06E986C324F86838008ECB64 /* Tips */ = {
			isa = PBXNativeTarget;
			buildConfigurationList = 06E986EE24F8683C008ECB64 /* Build configuration list for PBXNativeTarget "Tips" */;
			buildPhases = (
				06E986C024F86838008ECB64 /* Sources */,
				06E986C124F86838008ECB64 /* Frameworks */,
				06E986C224F86838008ECB64 /* Resources */,
			);
			buildRules = (
			);
			dependencies = (
			);
			name = Tips;
			productName = Tips;
			productReference = 06E986C424F86838008ECB64 /* Tips.app */;
			productType = "com.apple.product-type.application";
		};
		06E986D924F8683C008ECB64 /* TipsTests */ = {
			isa = PBXNativeTarget;
			buildConfigurationList = 06E986F124F8683C008ECB64 /* Build configuration list for PBXNativeTarget "TipsTests" */;
			buildPhases = (
				06E986D624F8683C008ECB64 /* Sources */,
				06E986D724F8683C008ECB64 /* Frameworks */,
				06E986D824F8683C008ECB64 /* Resources */,
			);
			buildRules = (
			);
			dependencies = (
				06E986DC24F8683C008ECB64 /* PBXTargetDependency */,
			);
			name = TipsTests;
			productName = TipsTests;
			productReference = 06E986DA24F8683C008ECB64 /* TipsTests.xctest */;
			productType = "com.apple.product-type.bundle.unit-test";
		};
		06E986E424F8683C008ECB64 /* TipsUITests */ = {
			isa = PBXNativeTarget;
			buildConfigurationList = 06E986F424F8683C008ECB64 /* Build configuration list for PBXNativeTarget "TipsUITests" */;
			buildPhases = (
				06E986E124F8683C008ECB64 /* Sources */,
				06E986E224F8683C008ECB64 /* Frameworks */,
				06E986E324F8683C008ECB64 /* Resources */,
			);
			buildRules = (
			);
			dependencies = (
				06E986E724F8683C008ECB64 /* PBXTargetDependency */,
			);
			name = TipsUITests;
			productName = TipsUITests;
			productReference = 06E986E524F8683C008ECB64 /* TipsUITests.xctest */;
			productType = "com.apple.product-type.bundle.ui-testing";
		};
/* End PBXNativeTarget section */

/* Begin PBXProject section */
		06E986BC24F86838008ECB64 /* Project object */ = {
			isa = PBXProject;
			attributes = {
				LastSwiftUpdateCheck = 1160;
				LastUpgradeCheck = 1160;
				ORGANIZATIONNAME = Boboli;
				TargetAttributes = {
					06E986C324F86838008ECB64 = {
						CreatedOnToolsVersion = 11.6;
					};
					06E986D924F8683C008ECB64 = {
						CreatedOnToolsVersion = 11.6;
						TestTargetID = 06E986C324F86838008ECB64;
					};
					06E986E424F8683C008ECB64 = {
						CreatedOnToolsVersion = 11.6;
						TestTargetID = 06E986C324F86838008ECB64;
					};
				};
			};
			buildConfigurationList = 06E986BF24F86838008ECB64 /* Build configuration list for PBXProject "Tips" */;
			compatibilityVersion = "Xcode 9.3";
			developmentRegion = en;
			hasScannedForEncodings = 0;
			knownRegions = (
				en,
				Base,
			);
			mainGroup = 06E986BB24F86838008ECB64;
			productRefGroup = 06E986C524F86838008ECB64 /* Products */;
			projectDirPath = "";
			projectRoot = "";
			targets = (
				06E986C324F86838008ECB64 /* Tips */,
				06E986D924F8683C008ECB64 /* TipsTests */,
				06E986E424F8683C008ECB64 /* TipsUITests */,
			);
		};
/* End PBXProject section */

/* Begin PBXResourcesBuildPhase section */
		06E986C224F86838008ECB64 /* Resources */ = {
			isa = PBXResourcesBuildPhase;
			buildActionMask = 2147483647;
			files = (
				06E986D424F8683C008ECB64 /* LaunchScreen.storyboard in Resources */,
				06E986D124F8683C008ECB64 /* Assets.xcassets in Resources */,
				06E986CF24F86839008ECB64 /* Main.storyboard in Resources */,
			);
			runOnlyForDeploymentPostprocessing = 0;
		};
		06E986D824F8683C008ECB64 /* Resources */ = {
			isa = PBXResourcesBuildPhase;
			buildActionMask = 2147483647;
			files = (
			);
			runOnlyForDeploymentPostprocessing = 0;
		};
		06E986E324F8683C008ECB64 /* Resources */ = {
			isa = PBXResourcesBuildPhase;
			buildActionMask = 2147483647;
			files = (
			);
			runOnlyForDeploymentPostprocessing = 0;
		};
/* End PBXResourcesBuildPhase section */

/* Begin PBXSourcesBuildPhase section */
		06E986C024F86838008ECB64 /* Sources */ = {
			isa = PBXSourcesBuildPhase;
			buildActionMask = 2147483647;
			files = (
				06E986CC24F86839008ECB64 /* CaculatorViewController.swift in Sources */,
				060D60BB25000F09003B3B03 /* Tips.swift in Sources */,
				06E986C824F86839008ECB64 /* AppDelegate.swift in Sources */,
				06E986CA24F86839008ECB64 /* SceneDelegate.swift in Sources */,
			);
			runOnlyForDeploymentPostprocessing = 0;
		};
		06E986D624F8683C008ECB64 /* Sources */ = {
			isa = PBXSourcesBuildPhase;
			buildActionMask = 2147483647;
			files = (
				06E986DF24F8683C008ECB64 /* TipsTests.swift in Sources */,
			);
			runOnlyForDeploymentPostprocessing = 0;
		};
		06E986E124F8683C008ECB64 /* Sources */ = {
			isa = PBXSourcesBuildPhase;
			buildActionMask = 2147483647;
			files = (
				06E986EA24F8683C008ECB64 /* TipsUITests.swift in Sources */,
			);
			runOnlyForDeploymentPostprocessing = 0;
		};
/* End PBXSourcesBuildPhase section */

/* Begin PBXTargetDependency section */
		06E986DC24F8683C008ECB64 /* PBXTargetDependency */ = {
			isa = PBXTargetDependency;
			target = 06E986C324F86838008ECB64 /* Tips */;
			targetProxy = 06E986DB24F8683C008ECB64 /* PBXContainerItemProxy */;
		};
		06E986E724F8683C008ECB64 /* PBXTargetDependency */ = {
			isa = PBXTargetDependency;
			target = 06E986C324F86838008ECB64 /* Tips */;
			targetProxy = 06E986E624F8683C008ECB64 /* PBXContainerItemProxy */;
		};
/* End PBXTargetDependency section */

/* Begin PBXVariantGroup section */
		06E986CD24F86839008ECB64 /* Main.storyboard */ = {
			isa = PBXVariantGroup;
			children = (
				06E986CE24F86839008ECB64 /* Base */,
			);
			name = Main.storyboard;
			sourceTree = "<group>";
		};
		06E986D224F8683C008ECB64 /* LaunchScreen.storyboard */ = {
			isa = PBXVariantGroup;
			children = (
				06E986D324F8683C008ECB64 /* Base */,
			);
			name = LaunchScreen.storyboard;
			sourceTree = "<group>";
		};
/* End PBXVariantGroup section */

/* Begin XCBuildConfiguration section */
		06E986EC24F8683C008ECB64 /* Debug */ = {
			isa = XCBuildConfiguration;
			buildSettings = {
				ALWAYS_SEARCH_USER_PATHS = NO;
				CLANG_ANALYZER_NONNULL = YES;
				CLANG_ANALYZER_NUMBER_OBJECT_CONVERSION = YES_AGGRESSIVE;
				CLANG_CXX_LANGUAGE_STANDARD = "gnu++14";
				CLANG_CXX_LIBRARY = "libc++";
				CLANG_ENABLE_MODULES = YES;
				CLANG_ENABLE_OBJC_ARC = YES;
				CLANG_ENABLE_OBJC_WEAK = YES;
				CLANG_WARN_BLOCK_CAPTURE_AUTORELEASING = YES;
				CLANG_WARN_BOOL_CONVERSION = YES;
				CLANG_WARN_COMMA = YES;
				CLANG_WARN_CONSTANT_CONVERSION = YES;
				CLANG_WARN_DEPRECATED_OBJC_IMPLEMENTATIONS = YES;
				CLANG_WARN_DIRECT_OBJC_ISA_USAGE = YES_ERROR;
				CLANG_WARN_DOCUMENTATION_COMMENTS = YES;
				CLANG_WARN_EMPTY_BODY = YES;
				CLANG_WARN_ENUM_CONVERSION = YES;
				CLANG_WARN_INFINITE_RECURSION = YES;
				CLANG_WARN_INT_CONVERSION = YES;
				CLANG_WARN_NON_LITERAL_NULL_CONVERSION = YES;
				CLANG_WARN_OBJC_IMPLICIT_RETAIN_SELF = YES;
				CLANG_WARN_OBJC_LITERAL_CONVERSION = YES;
				CLANG_WARN_OBJC_ROOT_CLASS = YES_ERROR;
				CLANG_WARN_RANGE_LOOP_ANALYSIS = YES;
				CLANG_WARN_STRICT_PROTOTYPES = YES;
				CLANG_WARN_SUSPICIOUS_MOVE = YES;
				CLANG_WARN_UNGUARDED_AVAILABILITY = YES_AGGRESSIVE;
				CLANG_WARN_UNREACHABLE_CODE = YES;
				CLANG_WARN__DUPLICATE_METHOD_MATCH = YES;
				COPY_PHASE_STRIP = NO;
				DEBUG_INFORMATION_FORMAT = dwarf;
				ENABLE_STRICT_OBJC_MSGSEND = YES;
				ENABLE_TESTABILITY = YES;
				GCC_C_LANGUAGE_STANDARD = gnu11;
				GCC_DYNAMIC_NO_PIC = NO;
				GCC_NO_COMMON_BLOCKS = YES;
				GCC_OPTIMIZATION_LEVEL = 0;
				GCC_PREPROCESSOR_DEFINITIONS = (
					"DEBUG=1",
					"$(inherited)",
				);
				GCC_WARN_64_TO_32_BIT_CONVERSION = YES;
				GCC_WARN_ABOUT_RETURN_TYPE = YES_ERROR;
				GCC_WARN_UNDECLARED_SELECTOR = YES;
				GCC_WARN_UNINITIALIZED_AUTOS = YES_AGGRESSIVE;
				GCC_WARN_UNUSED_FUNCTION = YES;
				GCC_WARN_UNUSED_VARIABLE = YES;
				IPHONEOS_DEPLOYMENT_TARGET = 13.6;
				MTL_ENABLE_DEBUG_INFO = INCLUDE_SOURCE;
				MTL_FAST_MATH = YES;
				ONLY_ACTIVE_ARCH = YES;
				SDKROOT = iphoneos;
				SWIFT_ACTIVE_COMPILATION_CONDITIONS = DEBUG;
				SWIFT_OPTIMIZATION_LEVEL = "-Onone";
			};
			name = Debug;
		};
		06E986ED24F8683C008ECB64 /* Release */ = {
			isa = XCBuildConfiguration;
			buildSettings = {
				ALWAYS_SEARCH_USER_PATHS = NO;
				CLANG_ANALYZER_NONNULL = YES;
				CLANG_ANALYZER_NUMBER_OBJECT_CONVERSION = YES_AGGRESSIVE;
				CLANG_CXX_LANGUAGE_STANDARD = "gnu++14";
				CLANG_CXX_LIBRARY = "libc++";
				CLANG_ENABLE_MODULES = YES;
				CLANG_ENABLE_OBJC_ARC = YES;
				CLANG_ENABLE_OBJC_WEAK = YES;
				CLANG_WARN_BLOCK_CAPTURE_AUTORELEASING = YES;
				CLANG_WARN_BOOL_CONVERSION = YES;
				CLANG_WARN_COMMA = YES;
				CLANG_WARN_CONSTANT_CONVERSION = YES;
				CLANG_WARN_DEPRECATED_OBJC_IMPLEMENTATIONS = YES;
				CLANG_WARN_DIRECT_OBJC_ISA_USAGE = YES_ERROR;
				CLANG_WARN_DOCUMENTATION_COMMENTS = YES;
				CLANG_WARN_EMPTY_BODY = YES;
				CLANG_WARN_ENUM_CONVERSION = YES;
				CLANG_WARN_INFINITE_RECURSION = YES;
				CLANG_WARN_INT_CONVERSION = YES;
				CLANG_WARN_NON_LITERAL_NULL_CONVERSION = YES;
				CLANG_WARN_OBJC_IMPLICIT_RETAIN_SELF = YES;
				CLANG_WARN_OBJC_LITERAL_CONVERSION = YES;
				CLANG_WARN_OBJC_ROOT_CLASS = YES_ERROR;
				CLANG_WARN_RANGE_LOOP_ANALYSIS = YES;
				CLANG_WARN_STRICT_PROTOTYPES = YES;
				CLANG_WARN_SUSPICIOUS_MOVE = YES;
				CLANG_WARN_UNGUARDED_AVAILABILITY = YES_AGGRESSIVE;
				CLANG_WARN_UNREACHABLE_CODE = YES;
				CLANG_WARN__DUPLICATE_METHOD_MATCH = YES;
				COPY_PHASE_STRIP = NO;
				DEBUG_INFORMATION_FORMAT = "dwarf-with-dsym";
				ENABLE_NS_ASSERTIONS = NO;
				ENABLE_STRICT_OBJC_MSGSEND = YES;
				GCC_C_LANGUAGE_STANDARD = gnu11;
				GCC_NO_COMMON_BLOCKS = YES;
				GCC_WARN_64_TO_32_BIT_CONVERSION = YES;
				GCC_WARN_ABOUT_RETURN_TYPE = YES_ERROR;
				GCC_WARN_UNDECLARED_SELECTOR = YES;
				GCC_WARN_UNINITIALIZED_AUTOS = YES_AGGRESSIVE;
				GCC_WARN_UNUSED_FUNCTION = YES;
				GCC_WARN_UNUSED_VARIABLE = YES;
				IPHONEOS_DEPLOYMENT_TARGET = 13.6;
				MTL_ENABLE_DEBUG_INFO = NO;
				MTL_FAST_MATH = YES;
				SDKROOT = iphoneos;
				SWIFT_COMPILATION_MODE = wholemodule;
				SWIFT_OPTIMIZATION_LEVEL = "-O";
				VALIDATE_PRODUCT = YES;
			};
			name = Release;
		};
		06E986EF24F8683C008ECB64 /* Debug */ = {
			isa = XCBuildConfiguration;
			buildSettings = {
				ASSETCATALOG_COMPILER_APPICON_NAME = AppIcon;
				CODE_SIGN_STYLE = Automatic;
				DEVELOPMENT_TEAM = 84ZVHZY7F4;
				INFOPLIST_FILE = Tips/Info.plist;
				LD_RUNPATH_SEARCH_PATHS = (
					"$(inherited)",
					"@executable_path/Frameworks",
				);
				PRODUCT_BUNDLE_IDENTIFIER = Boboli.Tips;
				PRODUCT_NAME = "$(TARGET_NAME)";
				SWIFT_VERSION = 5.0;
				TARGETED_DEVICE_FAMILY = "1,2";
			};
			name = Debug;
		};
		06E986F024F8683C008ECB64 /* Release */ = {
			isa = XCBuildConfiguration;
			buildSettings = {
				ASSETCATALOG_COMPILER_APPICON_NAME = AppIcon;
				CODE_SIGN_STYLE = Automatic;
				DEVELOPMENT_TEAM = 84ZVHZY7F4;
				INFOPLIST_FILE = Tips/Info.plist;
				LD_RUNPATH_SEARCH_PATHS = (
					"$(inherited)",
					"@executable_path/Frameworks",
				);
				PRODUCT_BUNDLE_IDENTIFIER = Boboli.Tips;
				PRODUCT_NAME = "$(TARGET_NAME)";
				SWIFT_VERSION = 5.0;
				TARGETED_DEVICE_FAMILY = "1,2";
			};
			name = Release;
		};
		06E986F224F8683C008ECB64 /* Debug */ = {
			isa = XCBuildConfiguration;
			buildSettings = {
				ALWAYS_EMBED_SWIFT_STANDARD_LIBRARIES = YES;
				BUNDLE_LOADER = "$(TEST_HOST)";
				CODE_SIGN_STYLE = Automatic;
				DEVELOPMENT_TEAM = 84ZVHZY7F4;
				INFOPLIST_FILE = TipsTests/Info.plist;
				IPHONEOS_DEPLOYMENT_TARGET = 13.6;
				LD_RUNPATH_SEARCH_PATHS = (
					"$(inherited)",
					"@executable_path/Frameworks",
					"@loader_path/Frameworks",
				);
				PRODUCT_BUNDLE_IDENTIFIER = Boboli.TipsTests;
				PRODUCT_NAME = "$(TARGET_NAME)";
				SWIFT_VERSION = 5.0;
				TARGETED_DEVICE_FAMILY = "1,2";
				TEST_HOST = "$(BUILT_PRODUCTS_DIR)/Tips.app/Tips";
			};
			name = Debug;
		};
		06E986F324F8683C008ECB64 /* Release */ = {
			isa = XCBuildConfiguration;
			buildSettings = {
				ALWAYS_EMBED_SWIFT_STANDARD_LIBRARIES = YES;
				BUNDLE_LOADER = "$(TEST_HOST)";
				CODE_SIGN_STYLE = Automatic;
				DEVELOPMENT_TEAM = 84ZVHZY7F4;
				INFOPLIST_FILE = TipsTests/Info.plist;
				IPHONEOS_DEPLOYMENT_TARGET = 13.6;
				LD_RUNPATH_SEARCH_PATHS = (
					"$(inherited)",
					"@executable_path/Frameworks",
					"@loader_path/Frameworks",
				);
				PRODUCT_BUNDLE_IDENTIFIER = Boboli.TipsTests;
				PRODUCT_NAME = "$(TARGET_NAME)";
				SWIFT_VERSION = 5.0;
				TARGETED_DEVICE_FAMILY = "1,2";
				TEST_HOST = "$(BUILT_PRODUCTS_DIR)/Tips.app/Tips";
			};
			name = Release;
		};
		06E986F524F8683C008ECB64 /* Debug */ = {
			isa = XCBuildConfiguration;
			buildSettings = {
				ALWAYS_EMBED_SWIFT_STANDARD_LIBRARIES = YES;
				CODE_SIGN_STYLE = Automatic;
				DEVELOPMENT_TEAM = 84ZVHZY7F4;
				INFOPLIST_FILE = TipsUITests/Info.plist;
				LD_RUNPATH_SEARCH_PATHS = (
					"$(inherited)",
					"@executable_path/Frameworks",
					"@loader_path/Frameworks",
				);
				PRODUCT_BUNDLE_IDENTIFIER = Boboli.TipsUITests;
				PRODUCT_NAME = "$(TARGET_NAME)";
				SWIFT_VERSION = 5.0;
				TARGETED_DEVICE_FAMILY = "1,2";
				TEST_TARGET_NAME = Tips;
			};
			name = Debug;
		};
		06E986F624F8683C008ECB64 /* Release */ = {
			isa = XCBuildConfiguration;
			buildSettings = {
				ALWAYS_EMBED_SWIFT_STANDARD_LIBRARIES = YES;
				CODE_SIGN_STYLE = Automatic;
				DEVELOPMENT_TEAM = 84ZVHZY7F4;
				INFOPLIST_FILE = TipsUITests/Info.plist;
				LD_RUNPATH_SEARCH_PATHS = (
					"$(inherited)",
					"@executable_path/Frameworks",
					"@loader_path/Frameworks",
				);
				PRODUCT_BUNDLE_IDENTIFIER = Boboli.TipsUITests;
				PRODUCT_NAME = "$(TARGET_NAME)";
				SWIFT_VERSION = 5.0;
				TARGETED_DEVICE_FAMILY = "1,2";
				TEST_TARGET_NAME = Tips;
			};
			name = Release;
		};
/* End XCBuildConfiguration section */

/* Begin XCConfigurationList section */
		06E986BF24F86838008ECB64 /* Build configuration list for PBXProject "Tips" */ = {
			isa = XCConfigurationList;
			buildConfigurations = (
				06E986EC24F8683C008ECB64 /* Debug */,
				06E986ED24F8683C008ECB64 /* Release */,
			);
			defaultConfigurationIsVisible = 0;
			defaultConfigurationName = Release;
		};
		06E986EE24F8683C008ECB64 /* Build configuration list for PBXNativeTarget "Tips" */ = {
			isa = XCConfigurationList;
			buildConfigurations = (
				06E986EF24F8683C008ECB64 /* Debug */,
				06E986F024F8683C008ECB64 /* Release */,
			);
			defaultConfigurationIsVisible = 0;
			defaultConfigurationName = Release;
		};
		06E986F124F8683C008ECB64 /* Build configuration list for PBXNativeTarget "TipsTests" */ = {
			isa = XCConfigurationList;
			buildConfigurations = (
				06E986F224F8683C008ECB64 /* Debug */,
				06E986F324F8683C008ECB64 /* Release */,
			);
			defaultConfigurationIsVisible = 0;
			defaultConfigurationName = Release;
		};
		06E986F424F8683C008ECB64 /* Build configuration list for PBXNativeTarget "TipsUITests" */ = {
			isa = XCConfigurationList;
			buildConfigurations = (
				06E986F524F8683C008ECB64 /* Debug */,
				06E986F624F8683C008ECB64 /* Release */,
			);
			defaultConfigurationIsVisible = 0;
			defaultConfigurationName = Release;
		};
/* End XCConfigurationList section */
	};
	rootObject = 06E986BC24F86838008ECB64 /* Project object */;
}
